
Microsoft Visual Studio Solution File, Format Version 12.00
# Visual Studio Express 2012 for Windows Desktop
Project("{FAE04EC0-301F-11D3-BF4B-00C04F79EFBC}") = "Assignment 9", "Assignment 9\Assignment 9.csproj", "{13943FDA-7D74-4E87-9B16-22C5938C5324}"
EndProject
Global
	GlobalSection(SolutionConfigurationPlatforms) = preSolution
		Debug|Any CPU = Debug|Any CPU
		Release|Any CPU = Release|Any CPU
	EndGlobalSection
	GlobalSection(ProjectConfigurationPlatforms) = postSolution
		{13943FDA-7D74-4E87-9B16-22C5938C5324}.Debug|Any CPU.ActiveCfg = Debug|Any CPU
		{13943FDA-7D74-4E87-9B16-22C5938C5324}.Debug|Any CPU.Build.0 = Debug|Any CPU
		{13943FDA-7D74-4E87-9B16-22C5938C5324}.Release|Any CPU.ActiveCfg = Release|Any CPU
		{13943FDA-7D74-4E87-9B16-22C5938C5324}.Release|Any CPU.Build.0 = Release|Any CPU
	EndGlobalSection
	GlobalSection(SolutionProperties) = preSolution
		HideSolutionNode = FALSE
	EndGlobalSection
EndGlobal
