
Microsoft Visual Studio Solution File, Format Version 12.00
# Visual Studio Express 2012 for Windows Desktop
Project("{FAE04EC0-301F-11D3-BF4B-00C04F79EFBC}") = "Assignment 27", "Assignment 27\Assignment 27.csproj", "{2CC58EA0-9B8A-4D31-B230-AFB6ADF05BA6}"
EndProject
Global
	GlobalSection(SolutionConfigurationPlatforms) = preSolution
		Debug|Any CPU = Debug|Any CPU
		Release|Any CPU = Release|Any CPU
	EndGlobalSection
	GlobalSection(ProjectConfigurationPlatforms) = postSolution
		{2CC58EA0-9B8A-4D31-B230-AFB6ADF05BA6}.Debug|Any CPU.ActiveCfg = Debug|Any CPU
		{2CC58EA0-9B8A-4D31-B230-AFB6ADF05BA6}.Debug|Any CPU.Build.0 = Debug|Any CPU
		{2CC58EA0-9B8A-4D31-B230-AFB6ADF05BA6}.Release|Any CPU.ActiveCfg = Release|Any CPU
		{2CC58EA0-9B8A-4D31-B230-AFB6ADF05BA6}.Release|Any CPU.Build.0 = Release|Any CPU
	EndGlobalSection
	GlobalSection(SolutionProperties) = preSolution
		HideSolutionNode = FALSE
	EndGlobalSection
EndGlobal
