
Microsoft Visual Studio Solution File, Format Version 12.00
# Visual Studio Express 2012 for Web
Project("{FAE04EC0-301F-11D3-BF4B-00C04F79EFBC}") = "Assignment 24", "Assignment 24\Assignment 24.csproj", "{57403796-4382-466D-A0C7-1DEE10BC199A}"
EndProject
Project("{FAE04EC0-301F-11D3-BF4B-00C04F79EFBC}") = "WritingOnXml", "WritingOnXml\WritingOnXml.csproj", "{4216FA8B-85CA-4723-A8C8-27A978501C02}"
EndProject
Global
	GlobalSection(SolutionConfigurationPlatforms) = preSolution
		Debug|Any CPU = Debug|Any CPU
		Release|Any CPU = Release|Any CPU
	EndGlobalSection
	GlobalSection(ProjectConfigurationPlatforms) = postSolution
		{57403796-4382-466D-A0C7-1DEE10BC199A}.Debug|Any CPU.ActiveCfg = Debug|Any CPU
		{57403796-4382-466D-A0C7-1DEE10BC199A}.Debug|Any CPU.Build.0 = Debug|Any CPU
		{57403796-4382-466D-A0C7-1DEE10BC199A}.Release|Any CPU.ActiveCfg = Release|Any CPU
		{57403796-4382-466D-A0C7-1DEE10BC199A}.Release|Any CPU.Build.0 = Release|Any CPU
		{4216FA8B-85CA-4723-A8C8-27A978501C02}.Debug|Any CPU.ActiveCfg = Debug|Any CPU
		{4216FA8B-85CA-4723-A8C8-27A978501C02}.Debug|Any CPU.Build.0 = Debug|Any CPU
		{4216FA8B-85CA-4723-A8C8-27A978501C02}.Release|Any CPU.ActiveCfg = Release|Any CPU
		{4216FA8B-85CA-4723-A8C8-27A978501C02}.Release|Any CPU.Build.0 = Release|Any CPU
	EndGlobalSection
	GlobalSection(SolutionProperties) = preSolution
		HideSolutionNode = FALSE
	EndGlobalSection
EndGlobal
