
Microsoft Visual Studio Solution File, Format Version 12.00
# Visual Studio Express 2012 for Web
Project("{FAE04EC0-301F-11D3-BF4B-00C04F79EFBC}") = "TestingStudentPercentage", "TestingStudentPercentage\TestingStudentPercentage.csproj", "{692A81D5-7ED0-4186-90CF-DAA487993FB9}"
EndProject
Project("{FAE04EC0-301F-11D3-BF4B-00C04F79EFBC}") = "UnitTestProject1", "UnitTestProject1\UnitTestProject1.csproj", "{1419D9BC-DB2B-4B2B-9F66-8EEB3B6A8DE4}"
EndProject
Global
	GlobalSection(SolutionConfigurationPlatforms) = preSolution
		Debug|Any CPU = Debug|Any CPU
		Release|Any CPU = Release|Any CPU
	EndGlobalSection
	GlobalSection(ProjectConfigurationPlatforms) = postSolution
		{692A81D5-7ED0-4186-90CF-DAA487993FB9}.Debug|Any CPU.ActiveCfg = Debug|Any CPU
		{692A81D5-7ED0-4186-90CF-DAA487993FB9}.Debug|Any CPU.Build.0 = Debug|Any CPU
		{692A81D5-7ED0-4186-90CF-DAA487993FB9}.Release|Any CPU.ActiveCfg = Release|Any CPU
		{692A81D5-7ED0-4186-90CF-DAA487993FB9}.Release|Any CPU.Build.0 = Release|Any CPU
		{1419D9BC-DB2B-4B2B-9F66-8EEB3B6A8DE4}.Debug|Any CPU.ActiveCfg = Debug|Any CPU
		{1419D9BC-DB2B-4B2B-9F66-8EEB3B6A8DE4}.Debug|Any CPU.Build.0 = Debug|Any CPU
		{1419D9BC-DB2B-4B2B-9F66-8EEB3B6A8DE4}.Release|Any CPU.ActiveCfg = Release|Any CPU
		{1419D9BC-DB2B-4B2B-9F66-8EEB3B6A8DE4}.Release|Any CPU.Build.0 = Release|Any CPU
	EndGlobalSection
	GlobalSection(SolutionProperties) = preSolution
		HideSolutionNode = FALSE
	EndGlobalSection
EndGlobal
