
Microsoft Visual Studio Solution File, Format Version 12.00
# Visual Studio Express 2012 for Windows Desktop
Project("{FAE04EC0-301F-11D3-BF4B-00C04F79EFBC}") = "CollectionNList2", "CollectionNList2\CollectionNList2.csproj", "{83DFD72C-15E9-4992-9A7C-5A42DD3AEC79}"
EndProject
Global
	GlobalSection(SolutionConfigurationPlatforms) = preSolution
		Debug|Any CPU = Debug|Any CPU
		Release|Any CPU = Release|Any CPU
	EndGlobalSection
	GlobalSection(ProjectConfigurationPlatforms) = postSolution
		{83DFD72C-15E9-4992-9A7C-5A42DD3AEC79}.Debug|Any CPU.ActiveCfg = Debug|Any CPU
		{83DFD72C-15E9-4992-9A7C-5A42DD3AEC79}.Debug|Any CPU.Build.0 = Debug|Any CPU
		{83DFD72C-15E9-4992-9A7C-5A42DD3AEC79}.Release|Any CPU.ActiveCfg = Release|Any CPU
		{83DFD72C-15E9-4992-9A7C-5A42DD3AEC79}.Release|Any CPU.Build.0 = Release|Any CPU
	EndGlobalSection
	GlobalSection(SolutionProperties) = preSolution
		HideSolutionNode = FALSE
	EndGlobalSection
EndGlobal
